
Microsoft Visual Studio Solution File, Format Version 12.00
# Visual Studio Version 17
VisualStudioVersion = 17.7.34031.279
MinimumVisualStudioVersion = 10.0.40219.1
Project("{FAE04EC0-301F-11D3-BF4B-00C04F79EFBC}") = "lab6", "lab6\lab6.csproj", "{2A0339E4-BC3B-4999-830A-C119981D36D8}"
EndProject
Global
	GlobalSection(SolutionConfigurationPlatforms) = preSolution
		Debug|Any CPU = Debug|Any CPU
		Release|Any CPU = Release|Any CPU
	EndGlobalSection
	GlobalSection(ProjectConfigurationPlatforms) = postSolution
		{2A0339E4-BC3B-4999-830A-C119981D36D8}.Debug|Any CPU.ActiveCfg = Debug|Any CPU
		{2A0339E4-BC3B-4999-830A-C119981D36D8}.Debug|Any CPU.Build.0 = Debug|Any CPU
		{2A0339E4-BC3B-4999-830A-C119981D36D8}.Release|Any CPU.ActiveCfg = Release|Any CPU
		{2A0339E4-BC3B-4999-830A-C119981D36D8}.Release|Any CPU.Build.0 = Release|Any CPU
	EndGlobalSection
	GlobalSection(SolutionProperties) = preSolution
		HideSolutionNode = FALSE
	EndGlobalSection
	GlobalSection(ExtensibilityGlobals) = postSolution
		SolutionGuid = {3DF9FFD8-9559-433F-8390-049282D0798F}
	EndGlobalSection
EndGlobal
